
Microsoft Visual Studio Solution File, Format Version 12.00
# Visual Studio Version 17
VisualStudioVersion = 17.0.32112.339
MinimumVisualStudioVersion = 10.0.40219.1
Project("{FAE04EC0-301F-11D3-BF4B-00C04F79EFBC}") = "NS.DigitalMenu.WEB", "NS.DigitalMenu.WEB\NS.DigitalMenu.WEB.csproj", "{4F1FAD9E-402C-49B4-9748-4393E8987D41}"
EndProject
Project("{FAE04EC0-301F-11D3-BF4B-00C04F79EFBC}") = "NS.DigitalMenuData", "NS.DigitalMenuData\NS.DigitalMenuData.csproj", "{3259844D-3591-4C58-88E7-50B7D23219C7}"
EndProject
Project("{FAE04EC0-301F-11D3-BF4B-00C04F79EFBC}") = "NS.DigitalMenuModel", "NS.DigitalMenuModel\NS.DigitalMenuModel.csproj", "{C8710B19-3A1A-4D6D-A8A9-C4C106366D82}"
EndProject
Project("{FAE04EC0-301F-11D3-BF4B-00C04F79EFBC}") = "NS.DigitalMenuRepo", "NS.DigitalMenuRepo\NS.DigitalMenuRepo.csproj", "{C779DDC2-8344-451B-B188-B86804A87759}"
EndProject
Project("{FAE04EC0-301F-11D3-BF4B-00C04F79EFBC}") = "NS.DigitalMenuBusiness", "NS.DigitalMenuBusiness\NS.DigitalMenuBusiness.csproj", "{895BFADF-138C-4AEA-A9C7-30E4738DCE94}"
EndProject
Global
	GlobalSection(SolutionConfigurationPlatforms) = preSolution
		Debug|Any CPU = Debug|Any CPU
		Release|Any CPU = Release|Any CPU
	EndGlobalSection
	GlobalSection(ProjectConfigurationPlatforms) = postSolution
		{4F1FAD9E-402C-49B4-9748-4393E8987D41}.Debug|Any CPU.ActiveCfg = Debug|Any CPU
		{4F1FAD9E-402C-49B4-9748-4393E8987D41}.Debug|Any CPU.Build.0 = Debug|Any CPU
		{4F1FAD9E-402C-49B4-9748-4393E8987D41}.Release|Any CPU.ActiveCfg = Release|Any CPU
		{4F1FAD9E-402C-49B4-9748-4393E8987D41}.Release|Any CPU.Build.0 = Release|Any CPU
		{3259844D-3591-4C58-88E7-50B7D23219C7}.Debug|Any CPU.ActiveCfg = Debug|Any CPU
		{3259844D-3591-4C58-88E7-50B7D23219C7}.Debug|Any CPU.Build.0 = Debug|Any CPU
		{3259844D-3591-4C58-88E7-50B7D23219C7}.Release|Any CPU.ActiveCfg = Release|Any CPU
		{3259844D-3591-4C58-88E7-50B7D23219C7}.Release|Any CPU.Build.0 = Release|Any CPU
		{C8710B19-3A1A-4D6D-A8A9-C4C106366D82}.Debug|Any CPU.ActiveCfg = Debug|Any CPU
		{C8710B19-3A1A-4D6D-A8A9-C4C106366D82}.Debug|Any CPU.Build.0 = Debug|Any CPU
		{C8710B19-3A1A-4D6D-A8A9-C4C106366D82}.Release|Any CPU.ActiveCfg = Release|Any CPU
		{C8710B19-3A1A-4D6D-A8A9-C4C106366D82}.Release|Any CPU.Build.0 = Release|Any CPU
		{C779DDC2-8344-451B-B188-B86804A87759}.Debug|Any CPU.ActiveCfg = Debug|Any CPU
		{C779DDC2-8344-451B-B188-B86804A87759}.Debug|Any CPU.Build.0 = Debug|Any CPU
		{C779DDC2-8344-451B-B188-B86804A87759}.Release|Any CPU.ActiveCfg = Release|Any CPU
		{C779DDC2-8344-451B-B188-B86804A87759}.Release|Any CPU.Build.0 = Release|Any CPU
		{895BFADF-138C-4AEA-A9C7-30E4738DCE94}.Debug|Any CPU.ActiveCfg = Debug|Any CPU
		{895BFADF-138C-4AEA-A9C7-30E4738DCE94}.Debug|Any CPU.Build.0 = Debug|Any CPU
		{895BFADF-138C-4AEA-A9C7-30E4738DCE94}.Release|Any CPU.ActiveCfg = Release|Any CPU
		{895BFADF-138C-4AEA-A9C7-30E4738DCE94}.Release|Any CPU.Build.0 = Release|Any CPU
	EndGlobalSection
	GlobalSection(SolutionProperties) = preSolution
		HideSolutionNode = FALSE
	EndGlobalSection
	GlobalSection(ExtensibilityGlobals) = postSolution
		SolutionGuid = {4C4A95FA-7BE5-469D-8EF0-151730FA0D65}
	EndGlobalSection
EndGlobal
